// !$*UTF8*$!
{
	archiveVersion = 1;
	classes = {
	};
	objectVersion = 56;
	objects = {

/* Begin PBXBuildFile section */
		44689C5A2C4E4D7A00E307B4 /* AppDelegate.swift in Sources */ = {isa = PBXBuildFile; fileRef = 44689C592C4E4D7A00E307B4 /* AppDelegate.swift */; };
		44689C5C2C4E4D7A00E307B4 /* SceneDelegate.swift in Sources */ = {isa = PBXBuildFile; fileRef = 44689C5B2C4E4D7A00E307B4 /* SceneDelegate.swift */; };
		44689C5E2C4E4D7A00E307B4 /* OnboardingViewController.swift in Sources */ = {isa = PBXBuildFile; fileRef = 44689C5D2C4E4D7A00E307B4 /* OnboardingViewController.swift */; };
		44689C632C4E4D7B00E307B4 /* Assets.xcassets in Resources */ = {isa = PBXBuildFile; fileRef = 44689C622C4E4D7B00E307B4 /* Assets.xcassets */; };
		44689C662C4E4D7B00E307B4 /* Base in Resources */ = {isa = PBXBuildFile; fileRef = 44689C652C4E4D7B00E307B4 /* Base */; };
		44689C702C4E4E5900E307B4 /* .gitignore in Resources */ = {isa = PBXBuildFile; fileRef = 44689C6F2C4E4E5900E307B4 /* .gitignore */; };
		44689C752C4E582700E307B4 /* Constant.swift in Sources */ = {isa = PBXBuildFile; fileRef = 44689C742C4E582700E307B4 /* Constant.swift */; };
		44689C782C4E5C9E00E307B4 /* SnapKit in Frameworks */ = {isa = PBXBuildFile; productRef = 44689C772C4E5C9E00E307B4 /* SnapKit */; };
		44689C7C2C4E5F8400E307B4 /* BaseViewController.swift in Sources */ = {isa = PBXBuildFile; fileRef = 44689C7B2C4E5F8400E307B4 /* BaseViewController.swift */; };
		44689C812C4E6D9A00E307B4 /* ProfileSettingViewController.swift in Sources */ = {isa = PBXBuildFile; fileRef = 44689C802C4E6D9A00E307B4 /* ProfileSettingViewController.swift */; };
		44689C832C4E6E9300E307B4 /* ProfileCircleWithCameraIcon.swift in Sources */ = {isa = PBXBuildFile; fileRef = 44689C822C4E6E9300E307B4 /* ProfileCircleWithCameraIcon.swift */; };
		44689C852C4E732E00E307B4 /* ProfileSettingViewModel.swift in Sources */ = {isa = PBXBuildFile; fileRef = 44689C842C4E732E00E307B4 /* ProfileSettingViewModel.swift */; };
		44689C882C4E73AB00E307B4 /* Observable.swift in Sources */ = {isa = PBXBuildFile; fileRef = 44689C872C4E73AB00E307B4 /* Observable.swift */; };
/* End PBXBuildFile section */

/* Begin PBXFileReference section */
		44689C562C4E4D7A00E307B4 /* HelloMyPolaroid.app */ = {isa = PBXFileReference; explicitFileType = wrapper.application; includeInIndex = 0; path = HelloMyPolaroid.app; sourceTree = BUILT_PRODUCTS_DIR; };
		44689C592C4E4D7A00E307B4 /* AppDelegate.swift */ = {isa = PBXFileReference; lastKnownFileType = sourcecode.swift; path = AppDelegate.swift; sourceTree = "<group>"; };
		44689C5B2C4E4D7A00E307B4 /* SceneDelegate.swift */ = {isa = PBXFileReference; lastKnownFileType = sourcecode.swift; path = SceneDelegate.swift; sourceTree = "<group>"; };
		44689C5D2C4E4D7A00E307B4 /* OnboardingViewController.swift */ = {isa = PBXFileReference; lastKnownFileType = sourcecode.swift; path = OnboardingViewController.swift; sourceTree = "<group>"; };
		44689C622C4E4D7B00E307B4 /* Assets.xcassets */ = {isa = PBXFileReference; lastKnownFileType = folder.assetcatalog; path = Assets.xcassets; sourceTree = "<group>"; };
		44689C652C4E4D7B00E307B4 /* Base */ = {isa = PBXFileReference; lastKnownFileType = file.storyboard; name = Base; path = Base.lproj/LaunchScreen.storyboard; sourceTree = "<group>"; };
		44689C672C4E4D7B00E307B4 /* Info.plist */ = {isa = PBXFileReference; lastKnownFileType = text.plist.xml; path = Info.plist; sourceTree = "<group>"; };
		44689C6F2C4E4E5900E307B4 /* .gitignore */ = {isa = PBXFileReference; lastKnownFileType = text; path = .gitignore; sourceTree = "<group>"; };
		44689C742C4E582700E307B4 /* Constant.swift */ = {isa = PBXFileReference; lastKnownFileType = sourcecode.swift; path = Constant.swift; sourceTree = "<group>"; };
		44689C7B2C4E5F8400E307B4 /* BaseViewController.swift */ = {isa = PBXFileReference; lastKnownFileType = sourcecode.swift; path = BaseViewController.swift; sourceTree = "<group>"; };
		44689C802C4E6D9A00E307B4 /* ProfileSettingViewController.swift */ = {isa = PBXFileReference; lastKnownFileType = sourcecode.swift; path = ProfileSettingViewController.swift; sourceTree = "<group>"; };
		44689C822C4E6E9300E307B4 /* ProfileCircleWithCameraIcon.swift */ = {isa = PBXFileReference; lastKnownFileType = sourcecode.swift; path = ProfileCircleWithCameraIcon.swift; sourceTree = "<group>"; };
		44689C842C4E732E00E307B4 /* ProfileSettingViewModel.swift */ = {isa = PBXFileReference; lastKnownFileType = sourcecode.swift; path = ProfileSettingViewModel.swift; sourceTree = "<group>"; };
		44689C872C4E73AB00E307B4 /* Observable.swift */ = {isa = PBXFileReference; lastKnownFileType = sourcecode.swift; path = Observable.swift; sourceTree = "<group>"; };
/* End PBXFileReference section */

/* Begin PBXFrameworksBuildPhase section */
		44689C532C4E4D7A00E307B4 /* Frameworks */ = {
			isa = PBXFrameworksBuildPhase;
			buildActionMask = 2147483647;
			files = (
				44689C782C4E5C9E00E307B4 /* SnapKit in Frameworks */,
			);
			runOnlyForDeploymentPostprocessing = 0;
		};
/* End PBXFrameworksBuildPhase section */

/* Begin PBXGroup section */
		44689C4D2C4E4D7A00E307B4 = {
			isa = PBXGroup;
			children = (
				44689C6F2C4E4E5900E307B4 /* .gitignore */,
				44689C582C4E4D7A00E307B4 /* HelloMyPolaroid */,
				44689C572C4E4D7A00E307B4 /* Products */,
			);
			sourceTree = "<group>";
		};
		44689C572C4E4D7A00E307B4 /* Products */ = {
			isa = PBXGroup;
			children = (
				44689C562C4E4D7A00E307B4 /* HelloMyPolaroid.app */,
			);
			name = Products;
			sourceTree = "<group>";
		};
		44689C582C4E4D7A00E307B4 /* HelloMyPolaroid */ = {
			isa = PBXGroup;
			children = (
				44689C6D2C4E4E1600E307B4 /* Application */,
				44689C712C4E571400E307B4 /* Utils */,
				44689C732C4E575700E307B4 /* Onboarding */,
				44689C6E2C4E4E2100E307B4 /* Resource */,
			);
			path = HelloMyPolaroid;
			sourceTree = "<group>";
		};
		44689C6D2C4E4E1600E307B4 /* Application */ = {
			isa = PBXGroup;
			children = (
				44689C592C4E4D7A00E307B4 /* AppDelegate.swift */,
				44689C5B2C4E4D7A00E307B4 /* SceneDelegate.swift */,
			);
			path = Application;
			sourceTree = "<group>";
		};
		44689C6E2C4E4E2100E307B4 /* Resource */ = {
			isa = PBXGroup;
			children = (
				44689C622C4E4D7B00E307B4 /* Assets.xcassets */,
				44689C642C4E4D7B00E307B4 /* LaunchScreen.storyboard */,
				44689C672C4E4D7B00E307B4 /* Info.plist */,
			);
			path = Resource;
			sourceTree = "<group>";
		};
		44689C712C4E571400E307B4 /* Utils */ = {
			isa = PBXGroup;
			children = (
				44689C742C4E582700E307B4 /* Constant.swift */,
				44689C872C4E73AB00E307B4 /* Observable.swift */,
				44689C7D2C4E673B00E307B4 /* CustomView */,
				44689C7A2C4E5F7600E307B4 /* Base */,
			);
			path = Utils;
			sourceTree = "<group>";
		};
		44689C732C4E575700E307B4 /* Onboarding */ = {
			isa = PBXGroup;
			children = (
				44689C5D2C4E4D7A00E307B4 /* OnboardingViewController.swift */,
				44689C862C4E738500E307B4 /* ProfileSetting */,
			);
			path = Onboarding;
			sourceTree = "<group>";
		};
		44689C7A2C4E5F7600E307B4 /* Base */ = {
			isa = PBXGroup;
			children = (
				44689C7B2C4E5F8400E307B4 /* BaseViewController.swift */,
			);
			path = Base;
			sourceTree = "<group>";
		};
		44689C7D2C4E673B00E307B4 /* CustomView */ = {
			isa = PBXGroup;
			children = (
				44689C822C4E6E9300E307B4 /* ProfileCircleWithCameraIcon.swift */,
			);
			path = CustomView;
			sourceTree = "<group>";
		};
		44689C862C4E738500E307B4 /* ProfileSetting */ = {
			isa = PBXGroup;
			children = (
				44689C842C4E732E00E307B4 /* ProfileSettingViewModel.swift */,
				44689C802C4E6D9A00E307B4 /* ProfileSettingViewController.swift */,
			);
			path = ProfileSetting;
			sourceTree = "<group>";
		};
/* End PBXGroup section */

/* Begin PBXNativeTarget section */
		44689C552C4E4D7A00E307B4 /* HelloMyPolaroid */ = {
			isa = PBXNativeTarget;
			buildConfigurationList = 44689C6A2C4E4D7B00E307B4 /* Build configuration list for PBXNativeTarget "HelloMyPolaroid" */;
			buildPhases = (
				44689C522C4E4D7A00E307B4 /* Sources */,
				44689C532C4E4D7A00E307B4 /* Frameworks */,
				44689C542C4E4D7A00E307B4 /* Resources */,
			);
			buildRules = (
			);
			dependencies = (
			);
			name = HelloMyPolaroid;
			packageProductDependencies = (
				44689C772C4E5C9E00E307B4 /* SnapKit */,
			);
			productName = HelloMyPoraroid;
			productReference = 44689C562C4E4D7A00E307B4 /* HelloMyPolaroid.app */;
			productType = "com.apple.product-type.application";
		};
/* End PBXNativeTarget section */

/* Begin PBXProject section */
		44689C4E2C4E4D7A00E307B4 /* Project object */ = {
			isa = PBXProject;
			attributes = {
				BuildIndependentTargetsInParallel = 1;
				LastSwiftUpdateCheck = 1530;
				LastUpgradeCheck = 1530;
				TargetAttributes = {
					44689C552C4E4D7A00E307B4 = {
						CreatedOnToolsVersion = 15.3;
					};
				};
			};
			buildConfigurationList = 44689C512C4E4D7A00E307B4 /* Build configuration list for PBXProject "HelloMyPolaroid" */;
			compatibilityVersion = "Xcode 14.0";
			developmentRegion = en;
			hasScannedForEncodings = 0;
			knownRegions = (
				en,
				Base,
			);
			mainGroup = 44689C4D2C4E4D7A00E307B4;
			packageReferences = (
				44689C762C4E5C9E00E307B4 /* XCRemoteSwiftPackageReference "SnapKit" */,
			);
			productRefGroup = 44689C572C4E4D7A00E307B4 /* Products */;
			projectDirPath = "";
			projectRoot = "";
			targets = (
				44689C552C4E4D7A00E307B4 /* HelloMyPolaroid */,
			);
		};
/* End PBXProject section */

/* Begin PBXResourcesBuildPhase section */
		44689C542C4E4D7A00E307B4 /* Resources */ = {
			isa = PBXResourcesBuildPhase;
			buildActionMask = 2147483647;
			files = (
				44689C632C4E4D7B00E307B4 /* Assets.xcassets in Resources */,
				44689C702C4E4E5900E307B4 /* .gitignore in Resources */,
				44689C662C4E4D7B00E307B4 /* Base in Resources */,
			);
			runOnlyForDeploymentPostprocessing = 0;
		};
/* End PBXResourcesBuildPhase section */

/* Begin PBXSourcesBuildPhase section */
		44689C522C4E4D7A00E307B4 /* Sources */ = {
			isa = PBXSourcesBuildPhase;
			buildActionMask = 2147483647;
			files = (
				44689C7C2C4E5F8400E307B4 /* BaseViewController.swift in Sources */,
				44689C5E2C4E4D7A00E307B4 /* OnboardingViewController.swift in Sources */,
				44689C832C4E6E9300E307B4 /* ProfileCircleWithCameraIcon.swift in Sources */,
				44689C852C4E732E00E307B4 /* ProfileSettingViewModel.swift in Sources */,
				44689C882C4E73AB00E307B4 /* Observable.swift in Sources */,
				44689C5A2C4E4D7A00E307B4 /* AppDelegate.swift in Sources */,
				44689C5C2C4E4D7A00E307B4 /* SceneDelegate.swift in Sources */,
				44689C752C4E582700E307B4 /* Constant.swift in Sources */,
				44689C812C4E6D9A00E307B4 /* ProfileSettingViewController.swift in Sources */,
			);
			runOnlyForDeploymentPostprocessing = 0;
		};
/* End PBXSourcesBuildPhase section */

/* Begin PBXVariantGroup section */
		44689C642C4E4D7B00E307B4 /* LaunchScreen.storyboard */ = {
			isa = PBXVariantGroup;
			children = (
				44689C652C4E4D7B00E307B4 /* Base */,
			);
			name = LaunchScreen.storyboard;
			sourceTree = "<group>";
		};
/* End PBXVariantGroup section */

/* Begin XCBuildConfiguration section */
		44689C682C4E4D7B00E307B4 /* Debug */ = {
			isa = XCBuildConfiguration;
			buildSettings = {
				ALWAYS_SEARCH_USER_PATHS = NO;
				ASSETCATALOG_COMPILER_GENERATE_SWIFT_ASSET_SYMBOL_EXTENSIONS = YES;
				CLANG_ANALYZER_NONNULL = YES;
				CLANG_ANALYZER_NUMBER_OBJECT_CONVERSION = YES_AGGRESSIVE;
				CLANG_CXX_LANGUAGE_STANDARD = "gnu++20";
				CLANG_ENABLE_MODULES = YES;
				CLANG_ENABLE_OBJC_ARC = YES;
				CLANG_ENABLE_OBJC_WEAK = YES;
				CLANG_WARN_BLOCK_CAPTURE_AUTORELEASING = YES;
				CLANG_WARN_BOOL_CONVERSION = YES;
				CLANG_WARN_COMMA = YES;
				CLANG_WARN_CONSTANT_CONVERSION = YES;
				CLANG_WARN_DEPRECATED_OBJC_IMPLEMENTATIONS = YES;
				CLANG_WARN_DIRECT_OBJC_ISA_USAGE = YES_ERROR;
				CLANG_WARN_DOCUMENTATION_COMMENTS = YES;
				CLANG_WARN_EMPTY_BODY = YES;
				CLANG_WARN_ENUM_CONVERSION = YES;
				CLANG_WARN_INFINITE_RECURSION = YES;
				CLANG_WARN_INT_CONVERSION = YES;
				CLANG_WARN_NON_LITERAL_NULL_CONVERSION = YES;
				CLANG_WARN_OBJC_IMPLICIT_RETAIN_SELF = YES;
				CLANG_WARN_OBJC_LITERAL_CONVERSION = YES;
				CLANG_WARN_OBJC_ROOT_CLASS = YES_ERROR;
				CLANG_WARN_QUOTED_INCLUDE_IN_FRAMEWORK_HEADER = YES;
				CLANG_WARN_RANGE_LOOP_ANALYSIS = YES;
				CLANG_WARN_STRICT_PROTOTYPES = YES;
				CLANG_WARN_SUSPICIOUS_MOVE = YES;
				CLANG_WARN_UNGUARDED_AVAILABILITY = YES_AGGRESSIVE;
				CLANG_WARN_UNREACHABLE_CODE = YES;
				CLANG_WARN__DUPLICATE_METHOD_MATCH = YES;
				COPY_PHASE_STRIP = NO;
				DEBUG_INFORMATION_FORMAT = dwarf;
				ENABLE_STRICT_OBJC_MSGSEND = YES;
				ENABLE_TESTABILITY = YES;
				ENABLE_USER_SCRIPT_SANDBOXING = YES;
				GCC_C_LANGUAGE_STANDARD = gnu17;
				GCC_DYNAMIC_NO_PIC = NO;
				GCC_NO_COMMON_BLOCKS = YES;
				GCC_OPTIMIZATION_LEVEL = 0;
				GCC_PREPROCESSOR_DEFINITIONS = (
					"DEBUG=1",
					"$(inherited)",
				);
				GCC_WARN_64_TO_32_BIT_CONVERSION = YES;
				GCC_WARN_ABOUT_RETURN_TYPE = YES_ERROR;
				GCC_WARN_UNDECLARED_SELECTOR = YES;
				GCC_WARN_UNINITIALIZED_AUTOS = YES_AGGRESSIVE;
				GCC_WARN_UNUSED_FUNCTION = YES;
				GCC_WARN_UNUSED_VARIABLE = YES;
				IPHONEOS_DEPLOYMENT_TARGET = 17.4;
				LOCALIZATION_PREFERS_STRING_CATALOGS = YES;
				MTL_ENABLE_DEBUG_INFO = INCLUDE_SOURCE;
				MTL_FAST_MATH = YES;
				ONLY_ACTIVE_ARCH = YES;
				SDKROOT = iphoneos;
				SWIFT_ACTIVE_COMPILATION_CONDITIONS = "DEBUG $(inherited)";
				SWIFT_OPTIMIZATION_LEVEL = "-Onone";
			};
			name = Debug;
		};
		44689C692C4E4D7B00E307B4 /* Release */ = {
			isa = XCBuildConfiguration;
			buildSettings = {
				ALWAYS_SEARCH_USER_PATHS = NO;
				ASSETCATALOG_COMPILER_GENERATE_SWIFT_ASSET_SYMBOL_EXTENSIONS = YES;
				CLANG_ANALYZER_NONNULL = YES;
				CLANG_ANALYZER_NUMBER_OBJECT_CONVERSION = YES_AGGRESSIVE;
				CLANG_CXX_LANGUAGE_STANDARD = "gnu++20";
				CLANG_ENABLE_MODULES = YES;
				CLANG_ENABLE_OBJC_ARC = YES;
				CLANG_ENABLE_OBJC_WEAK = YES;
				CLANG_WARN_BLOCK_CAPTURE_AUTORELEASING = YES;
				CLANG_WARN_BOOL_CONVERSION = YES;
				CLANG_WARN_COMMA = YES;
				CLANG_WARN_CONSTANT_CONVERSION = YES;
				CLANG_WARN_DEPRECATED_OBJC_IMPLEMENTATIONS = YES;
				CLANG_WARN_DIRECT_OBJC_ISA_USAGE = YES_ERROR;
				CLANG_WARN_DOCUMENTATION_COMMENTS = YES;
				CLANG_WARN_EMPTY_BODY = YES;
				CLANG_WARN_ENUM_CONVERSION = YES;
				CLANG_WARN_INFINITE_RECURSION = YES;
				CLANG_WARN_INT_CONVERSION = YES;
				CLANG_WARN_NON_LITERAL_NULL_CONVERSION = YES;
				CLANG_WARN_OBJC_IMPLICIT_RETAIN_SELF = YES;
				CLANG_WARN_OBJC_LITERAL_CONVERSION = YES;
				CLANG_WARN_OBJC_ROOT_CLASS = YES_ERROR;
				CLANG_WARN_QUOTED_INCLUDE_IN_FRAMEWORK_HEADER = YES;
				CLANG_WARN_RANGE_LOOP_ANALYSIS = YES;
				CLANG_WARN_STRICT_PROTOTYPES = YES;
				CLANG_WARN_SUSPICIOUS_MOVE = YES;
				CLANG_WARN_UNGUARDED_AVAILABILITY = YES_AGGRESSIVE;
				CLANG_WARN_UNREACHABLE_CODE = YES;
				CLANG_WARN__DUPLICATE_METHOD_MATCH = YES;
				COPY_PHASE_STRIP = NO;
				DEBUG_INFORMATION_FORMAT = "dwarf-with-dsym";
				ENABLE_NS_ASSERTIONS = NO;
				ENABLE_STRICT_OBJC_MSGSEND = YES;
				ENABLE_USER_SCRIPT_SANDBOXING = YES;
				GCC_C_LANGUAGE_STANDARD = gnu17;
				GCC_NO_COMMON_BLOCKS = YES;
				GCC_WARN_64_TO_32_BIT_CONVERSION = YES;
				GCC_WARN_ABOUT_RETURN_TYPE = YES_ERROR;
				GCC_WARN_UNDECLARED_SELECTOR = YES;
				GCC_WARN_UNINITIALIZED_AUTOS = YES_AGGRESSIVE;
				GCC_WARN_UNUSED_FUNCTION = YES;
				GCC_WARN_UNUSED_VARIABLE = YES;
				IPHONEOS_DEPLOYMENT_TARGET = 17.4;
				LOCALIZATION_PREFERS_STRING_CATALOGS = YES;
				MTL_ENABLE_DEBUG_INFO = NO;
				MTL_FAST_MATH = YES;
				SDKROOT = iphoneos;
				SWIFT_COMPILATION_MODE = wholemodule;
				VALIDATE_PRODUCT = YES;
			};
			name = Release;
		};
		44689C6B2C4E4D7B00E307B4 /* Debug */ = {
			isa = XCBuildConfiguration;
			buildSettings = {
				ASSETCATALOG_COMPILER_APPICON_NAME = AppIcon;
				ASSETCATALOG_COMPILER_GLOBAL_ACCENT_COLOR_NAME = AccentColor;
				CODE_SIGN_STYLE = Automatic;
				CURRENT_PROJECT_VERSION = 1;
				DEVELOPMENT_TEAM = 9M37U587ZT;
				GENERATE_INFOPLIST_FILE = YES;
				INFOPLIST_FILE = HelloMyPolaroid/Resource/Info.plist;
				INFOPLIST_KEY_UIApplicationSupportsIndirectInputEvents = YES;
				INFOPLIST_KEY_UILaunchStoryboardName = LaunchScreen;
				INFOPLIST_KEY_UISupportedInterfaceOrientations = UIInterfaceOrientationPortrait;
				INFOPLIST_KEY_UISupportedInterfaceOrientations_iPad = UIInterfaceOrientationPortrait;
				IPHONEOS_DEPLOYMENT_TARGET = 15.0;
				LD_RUNPATH_SEARCH_PATHS = (
					"$(inherited)",
					"@executable_path/Frameworks",
				);
				MARKETING_VERSION = 1.0;
				PRODUCT_BUNDLE_IDENTIFIER = com.daeyunkwon.HelloMyPolaroid;
				PRODUCT_NAME = "$(TARGET_NAME)";
				SUPPORTED_PLATFORMS = "iphoneos iphonesimulator";
				SUPPORTS_MACCATALYST = NO;
				SUPPORTS_MAC_DESIGNED_FOR_IPHONE_IPAD = NO;
				SUPPORTS_XR_DESIGNED_FOR_IPHONE_IPAD = NO;
				SWIFT_EMIT_LOC_STRINGS = YES;
				SWIFT_VERSION = 5.0;
				TARGETED_DEVICE_FAMILY = 1;
			};
			name = Debug;
		};
		44689C6C2C4E4D7B00E307B4 /* Release */ = {
			isa = XCBuildConfiguration;
			buildSettings = {
				ASSETCATALOG_COMPILER_APPICON_NAME = AppIcon;
				ASSETCATALOG_COMPILER_GLOBAL_ACCENT_COLOR_NAME = AccentColor;
				CODE_SIGN_STYLE = Automatic;
				CURRENT_PROJECT_VERSION = 1;
				DEVELOPMENT_TEAM = 9M37U587ZT;
				GENERATE_INFOPLIST_FILE = YES;
				INFOPLIST_FILE = HelloMyPolaroid/Resource/Info.plist;
				INFOPLIST_KEY_UIApplicationSupportsIndirectInputEvents = YES;
				INFOPLIST_KEY_UILaunchStoryboardName = LaunchScreen;
				INFOPLIST_KEY_UISupportedInterfaceOrientations = UIInterfaceOrientationPortrait;
				INFOPLIST_KEY_UISupportedInterfaceOrientations_iPad = UIInterfaceOrientationPortrait;
				IPHONEOS_DEPLOYMENT_TARGET = 15.0;
				LD_RUNPATH_SEARCH_PATHS = (
					"$(inherited)",
					"@executable_path/Frameworks",
				);
				MARKETING_VERSION = 1.0;
				PRODUCT_BUNDLE_IDENTIFIER = com.daeyunkwon.HelloMyPolaroid;
				PRODUCT_NAME = "$(TARGET_NAME)";
				SUPPORTED_PLATFORMS = "iphoneos iphonesimulator";
				SUPPORTS_MACCATALYST = NO;
				SUPPORTS_MAC_DESIGNED_FOR_IPHONE_IPAD = NO;
				SUPPORTS_XR_DESIGNED_FOR_IPHONE_IPAD = NO;
				SWIFT_EMIT_LOC_STRINGS = YES;
				SWIFT_VERSION = 5.0;
				TARGETED_DEVICE_FAMILY = 1;
			};
			name = Release;
		};
/* End XCBuildConfiguration section */

/* Begin XCConfigurationList section */
		44689C512C4E4D7A00E307B4 /* Build configuration list for PBXProject "HelloMyPolaroid" */ = {
			isa = XCConfigurationList;
			buildConfigurations = (
				44689C682C4E4D7B00E307B4 /* Debug */,
				44689C692C4E4D7B00E307B4 /* Release */,
			);
			defaultConfigurationIsVisible = 0;
			defaultConfigurationName = Release;
		};
		44689C6A2C4E4D7B00E307B4 /* Build configuration list for PBXNativeTarget "HelloMyPolaroid" */ = {
			isa = XCConfigurationList;
			buildConfigurations = (
				44689C6B2C4E4D7B00E307B4 /* Debug */,
				44689C6C2C4E4D7B00E307B4 /* Release */,
			);
			defaultConfigurationIsVisible = 0;
			defaultConfigurationName = Release;
		};
/* End XCConfigurationList section */

/* Begin XCRemoteSwiftPackageReference section */
		44689C762C4E5C9E00E307B4 /* XCRemoteSwiftPackageReference "SnapKit" */ = {
			isa = XCRemoteSwiftPackageReference;
			repositoryURL = "https://github.com/SnapKit/SnapKit";
			requirement = {
				kind = upToNextMajorVersion;
				minimumVersion = 5.7.1;
			};
		};
/* End XCRemoteSwiftPackageReference section */

/* Begin XCSwiftPackageProductDependency section */
		44689C772C4E5C9E00E307B4 /* SnapKit */ = {
			isa = XCSwiftPackageProductDependency;
			package = 44689C762C4E5C9E00E307B4 /* XCRemoteSwiftPackageReference "SnapKit" */;
			productName = SnapKit;
		};
/* End XCSwiftPackageProductDependency section */
	};
	rootObject = 44689C4E2C4E4D7A00E307B4 /* Project object */;
}
